
Microsoft Visual Studio Solution File, Format Version 12.00
# Visual Studio Version 17
VisualStudioVersion = 17.4.33213.308
MinimumVisualStudioVersion = 10.0.40219.1
Project("{9A19103F-16F7-4668-BE54-9A1E7A4F7556}") = "PaymentSimple.Core", "PaymentSimple.Core\PaymentSimple.Core.csproj", "{17B90E60-BD23-4C00-8F9A-6441FBD75A12}"
EndProject
Project("{9A19103F-16F7-4668-BE54-9A1E7A4F7556}") = "PaymentSimple.DataAccess", "PaymentSimple.DataAccess\PaymentSimple.DataAccess.csproj", "{FDBB654A-2ADF-447E-AE12-313D26E33DA2}"
EndProject
Project("{9A19103F-16F7-4668-BE54-9A1E7A4F7556}") = "PaymentSimple.WebHost", "PaymentSimple.WebHost\PaymentSimple.WebHost.csproj", "{238AA73C-D464-493A-9CCD-EA5F15D8BE3B}"
EndProject
Project("{9A19103F-16F7-4668-BE54-9A1E7A4F7556}") = "PaymentSimple.Exceptions", "PaymentSimple.Exceptions\PaymentSimple.Exceptions.csproj", "{47D79046-6D84-46B4-AF91-BAA5F2A8DE84}"
EndProject
Global
	GlobalSection(SolutionConfigurationPlatforms) = preSolution
		Debug|Any CPU = Debug|Any CPU
		Release|Any CPU = Release|Any CPU
	EndGlobalSection
	GlobalSection(ProjectConfigurationPlatforms) = postSolution
		{17B90E60-BD23-4C00-8F9A-6441FBD75A12}.Debug|Any CPU.ActiveCfg = Debug|Any CPU
		{17B90E60-BD23-4C00-8F9A-6441FBD75A12}.Debug|Any CPU.Build.0 = Debug|Any CPU
		{17B90E60-BD23-4C00-8F9A-6441FBD75A12}.Release|Any CPU.ActiveCfg = Release|Any CPU
		{17B90E60-BD23-4C00-8F9A-6441FBD75A12}.Release|Any CPU.Build.0 = Release|Any CPU
		{FDBB654A-2ADF-447E-AE12-313D26E33DA2}.Debug|Any CPU.ActiveCfg = Debug|Any CPU
		{FDBB654A-2ADF-447E-AE12-313D26E33DA2}.Debug|Any CPU.Build.0 = Debug|Any CPU
		{FDBB654A-2ADF-447E-AE12-313D26E33DA2}.Release|Any CPU.ActiveCfg = Release|Any CPU
		{FDBB654A-2ADF-447E-AE12-313D26E33DA2}.Release|Any CPU.Build.0 = Release|Any CPU
		{238AA73C-D464-493A-9CCD-EA5F15D8BE3B}.Debug|Any CPU.ActiveCfg = Debug|Any CPU
		{238AA73C-D464-493A-9CCD-EA5F15D8BE3B}.Debug|Any CPU.Build.0 = Debug|Any CPU
		{238AA73C-D464-493A-9CCD-EA5F15D8BE3B}.Release|Any CPU.ActiveCfg = Release|Any CPU
		{238AA73C-D464-493A-9CCD-EA5F15D8BE3B}.Release|Any CPU.Build.0 = Release|Any CPU
		{47D79046-6D84-46B4-AF91-BAA5F2A8DE84}.Debug|Any CPU.ActiveCfg = Debug|Any CPU
		{47D79046-6D84-46B4-AF91-BAA5F2A8DE84}.Debug|Any CPU.Build.0 = Debug|Any CPU
		{47D79046-6D84-46B4-AF91-BAA5F2A8DE84}.Release|Any CPU.ActiveCfg = Release|Any CPU
		{47D79046-6D84-46B4-AF91-BAA5F2A8DE84}.Release|Any CPU.Build.0 = Release|Any CPU
	EndGlobalSection
	GlobalSection(SolutionProperties) = preSolution
		HideSolutionNode = FALSE
	EndGlobalSection
	GlobalSection(ExtensibilityGlobals) = postSolution
		SolutionGuid = {AD686D4C-9215-4C5E-B130-8968FDB2F35A}
	EndGlobalSection
EndGlobal
